// !$*UTF8*$!
{
	archiveVersion = 1;
	classes = {
	};
	objectVersion = 46;
	objects = {

/* Begin PBXBuildFile section */
		3C5C6F4D1D4E40980034E0EC /* AppDelegate.swift in Sources */ = {isa = PBXBuildFile; fileRef = 3C5C6F4C1D4E40980034E0EC /* AppDelegate.swift */; };
		3C5C6F4F1D4E40980034E0EC /* ViewController.swift in Sources */ = {isa = PBXBuildFile; fileRef = 3C5C6F4E1D4E40980034E0EC /* ViewController.swift */; };
		3C5C6F521D4E40980034E0EC /* Main.storyboard in Resources */ = {isa = PBXBuildFile; fileRef = 3C5C6F501D4E40980034E0EC /* Main.storyboard */; };
		3C5C6F551D4E40980034E0EC /* LocalWeather.xcdatamodeld in Sources */ = {isa = PBXBuildFile; fileRef = 3C5C6F531D4E40980034E0EC /* LocalWeather.xcdatamodeld */; };
		3C5C6F571D4E40980034E0EC /* Assets.xcassets in Resources */ = {isa = PBXBuildFile; fileRef = 3C5C6F561D4E40980034E0EC /* Assets.xcassets */; };
		3C5C6F5A1D4E40980034E0EC /* LaunchScreen.storyboard in Resources */ = {isa = PBXBuildFile; fileRef = 3C5C6F581D4E40980034E0EC /* LaunchScreen.storyboard */; };
/* End PBXBuildFile section */

/* Begin PBXFileReference section */
		3C5C6F491D4E40980034E0EC /* LocalWeather.app */ = {isa = PBXFileReference; explicitFileType = wrapper.application; includeInIndex = 0; path = LocalWeather.app; sourceTree = BUILT_PRODUCTS_DIR; };
		3C5C6F4C1D4E40980034E0EC /* AppDelegate.swift */ = {isa = PBXFileReference; lastKnownFileType = sourcecode.swift; path = AppDelegate.swift; sourceTree = "<group>"; };
		3C5C6F4E1D4E40980034E0EC /* ViewController.swift */ = {isa = PBXFileReference; lastKnownFileType = sourcecode.swift; path = ViewController.swift; sourceTree = "<group>"; };
		3C5C6F511D4E40980034E0EC /* Base */ = {isa = PBXFileReference; lastKnownFileType = file.storyboard; name = Base; path = Base.lproj/Main.storyboard; sourceTree = "<group>"; };
		3C5C6F541D4E40980034E0EC /* LocalWeather.xcdatamodel */ = {isa = PBXFileReference; lastKnownFileType = wrapper.xcdatamodel; path = LocalWeather.xcdatamodel; sourceTree = "<group>"; };
		3C5C6F561D4E40980034E0EC /* Assets.xcassets */ = {isa = PBXFileReference; lastKnownFileType = folder.assetcatalog; path = Assets.xcassets; sourceTree = "<group>"; };
		3C5C6F591D4E40980034E0EC /* Base */ = {isa = PBXFileReference; lastKnownFileType = file.storyboard; name = Base; path = Base.lproj/LaunchScreen.storyboard; sourceTree = "<group>"; };
		3C5C6F5B1D4E40980034E0EC /* Info.plist */ = {isa = PBXFileReference; lastKnownFileType = text.plist.xml; path = Info.plist; sourceTree = "<group>"; };
/* End PBXFileReference section */

/* Begin PBXFrameworksBuildPhase section */
		3C5C6F461D4E40980034E0EC /* Frameworks */ = {
			isa = PBXFrameworksBuildPhase;
			buildActionMask = 2147483647;
			files = (
			);
			runOnlyForDeploymentPostprocessing = 0;
		};
/* End PBXFrameworksBuildPhase section */

/* Begin PBXGroup section */
		3C5C6F401D4E40980034E0EC = {
			isa = PBXGroup;
			children = (
				3C5C6F4B1D4E40980034E0EC /* LocalWeather */,
				3C5C6F4A1D4E40980034E0EC /* Products */,
			);
			sourceTree = "<group>";
		};
		3C5C6F4A1D4E40980034E0EC /* Products */ = {
			isa = PBXGroup;
			children = (
				3C5C6F491D4E40980034E0EC /* LocalWeather.app */,
			);
			name = Products;
			sourceTree = "<group>";
		};
		3C5C6F4B1D4E40980034E0EC /* LocalWeather */ = {
			isa = PBXGroup;
			children = (
				3C5C6F4C1D4E40980034E0EC /* AppDelegate.swift */,
				3C5C6F4E1D4E40980034E0EC /* ViewController.swift */,
				3C5C6F501D4E40980034E0EC /* Main.storyboard */,
				3C5C6F561D4E40980034E0EC /* Assets.xcassets */,
				3C5C6F581D4E40980034E0EC /* LaunchScreen.storyboard */,
				3C5C6F5B1D4E40980034E0EC /* Info.plist */,
				3C5C6F531D4E40980034E0EC /* LocalWeather.xcdatamodeld */,
			);
			path = LocalWeather;
			sourceTree = "<group>";
		};
/* End PBXGroup section */

/* Begin PBXNativeTarget section */
		3C5C6F481D4E40980034E0EC /* LocalWeather */ = {
			isa = PBXNativeTarget;
			buildConfigurationList = 3C5C6F5E1D4E40980034E0EC /* Build configuration list for PBXNativeTarget "LocalWeather" */;
			buildPhases = (
				3C5C6F451D4E40980034E0EC /* Sources */,
				3C5C6F461D4E40980034E0EC /* Frameworks */,
				3C5C6F471D4E40980034E0EC /* Resources */,
			);
			buildRules = (
			);
			dependencies = (
			);
			name = LocalWeather;
			productName = LocalWeather;
			productReference = 3C5C6F491D4E40980034E0EC /* LocalWeather.app */;
			productType = "com.apple.product-type.application";
		};
/* End PBXNativeTarget section */

/* Begin PBXProject section */
		3C5C6F411D4E40980034E0EC /* Project object */ = {
			isa = PBXProject;
			attributes = {
				LastSwiftUpdateCheck = 0730;
				LastUpgradeCheck = 0730;
				ORGANIZATIONNAME = Fibo;
				TargetAttributes = {
					3C5C6F481D4E40980034E0EC = {
						CreatedOnToolsVersion = 7.3.1;
					};
				};
			};
			buildConfigurationList = 3C5C6F441D4E40980034E0EC /* Build configuration list for PBXProject "LocalWeather" */;
			compatibilityVersion = "Xcode 3.2";
			developmentRegion = English;
			hasScannedForEncodings = 0;
			knownRegions = (
				en,
				Base,
			);
			mainGroup = 3C5C6F401D4E40980034E0EC;
			productRefGroup = 3C5C6F4A1D4E40980034E0EC /* Products */;
			projectDirPath = "";
			projectRoot = "";
			targets = (
				3C5C6F481D4E40980034E0EC /* LocalWeather */,
			);
		};
/* End PBXProject section */

/* Begin PBXResourcesBuildPhase section */
		3C5C6F471D4E40980034E0EC /* Resources */ = {
			isa = PBXResourcesBuildPhase;
			buildActionMask = 2147483647;
			files = (
				3C5C6F5A1D4E40980034E0EC /* LaunchScreen.storyboard in Resources */,
				3C5C6F571D4E40980034E0EC /* Assets.xcassets in Resources */,
				3C5C6F521D4E40980034E0EC /* Main.storyboard in Resources */,
			);
			runOnlyForDeploymentPostprocessing = 0;
		};
/* End PBXResourcesBuildPhase section */

/* Begin PBXSourcesBuildPhase section */
		3C5C6F451D4E40980034E0EC /* Sources */ = {
			isa = PBXSourcesBuildPhase;
			buildActionMask = 2147483647;
			files = (
				3C5C6F4F1D4E40980034E0EC /* ViewController.swift in Sources */,
				3C5C6F551D4E40980034E0EC /* LocalWeather.xcdatamodeld in Sources */,
				3C5C6F4D1D4E40980034E0EC /* AppDelegate.swift in Sources */,
			);
			runOnlyForDeploymentPostprocessing = 0;
		};
/* End PBXSourcesBuildPhase section */

/* Begin PBXVariantGroup section */
		3C5C6F501D4E40980034E0EC /* Main.storyboard */ = {
			isa = PBXVariantGroup;
			children = (
				3C5C6F511D4E40980034E0EC /* Base */,
			);
			name = Main.storyboard;
			sourceTree = "<group>";
		};
		3C5C6F581D4E40980034E0EC /* LaunchScreen.storyboard */ = {
			isa = PBXVariantGroup;
			children = (
				3C5C6F591D4E40980034E0EC /* Base */,
			);
			name = LaunchScreen.storyboard;
			sourceTree = "<group>";
		};
/* End PBXVariantGroup section */

/* Begin XCBuildConfiguration section */
		3C5C6F5C1D4E40980034E0EC /* Debug */ = {
			isa = XCBuildConfiguration;
			buildSettings = {
				ALWAYS_SEARCH_USER_PATHS = NO;
				CLANG_ANALYZER_NONNULL = YES;
				CLANG_CXX_LANGUAGE_STANDARD = "gnu++0x";
				CLANG_CXX_LIBRARY = "libc++";
				CLANG_ENABLE_MODULES = YES;
				CLANG_ENABLE_OBJC_ARC = YES;
				CLANG_WARN_BOOL_CONVERSION = YES;
				CLANG_WARN_CONSTANT_CONVERSION = YES;
				CLANG_WARN_DIRECT_OBJC_ISA_USAGE = YES_ERROR;
				CLANG_WARN_EMPTY_BODY = YES;
				CLANG_WARN_ENUM_CONVERSION = YES;
				CLANG_WARN_INT_CONVERSION = YES;
				CLANG_WARN_OBJC_ROOT_CLASS = YES_ERROR;
				CLANG_WARN_UNREACHABLE_CODE = YES;
				CLANG_WARN__DUPLICATE_METHOD_MATCH = YES;
				"CODE_SIGN_IDENTITY[sdk=iphoneos*]" = "iPhone Developer";
				COPY_PHASE_STRIP = NO;
				DEBUG_INFORMATION_FORMAT = dwarf;
				ENABLE_STRICT_OBJC_MSGSEND = YES;
				ENABLE_TESTABILITY = YES;
				GCC_C_LANGUAGE_STANDARD = gnu99;
				GCC_DYNAMIC_NO_PIC = NO;
				GCC_NO_COMMON_BLOCKS = YES;
				GCC_OPTIMIZATION_LEVEL = 0;
				GCC_PREPROCESSOR_DEFINITIONS = (
					"DEBUG=1",
					"$(inherited)",
				);
				GCC_WARN_64_TO_32_BIT_CONVERSION = YES;
				GCC_WARN_ABOUT_RETURN_TYPE = YES_ERROR;
				GCC_WARN_UNDECLARED_SELECTOR = YES;
				GCC_WARN_UNINITIALIZED_AUTOS = YES_AGGRESSIVE;
				GCC_WARN_UNUSED_FUNCTION = YES;
				GCC_WARN_UNUSED_VARIABLE = YES;
				IPHONEOS_DEPLOYMENT_TARGET = 9.3;
				MTL_ENABLE_DEBUG_INFO = YES;
				ONLY_ACTIVE_ARCH = YES;
				SDKROOT = iphoneos;
				SWIFT_OPTIMIZATION_LEVEL = "-Onone";
				TARGETED_DEVICE_FAMILY = "1,2";
			};
			name = Debug;
		};
		3C5C6F5D1D4E40980034E0EC /* Release */ = {
			isa = XCBuildConfiguration;
			buildSettings = {
				ALWAYS_SEARCH_USER_PATHS = NO;
				CLANG_ANALYZER_NONNULL = YES;
				CLANG_CXX_LANGUAGE_STANDARD = "gnu++0x";
				CLANG_CXX_LIBRARY = "libc++";
				CLANG_ENABLE_MODULES = YES;
				CLANG_ENABLE_OBJC_ARC = YES;
				CLANG_WARN_BOOL_CONVERSION = YES;
				CLANG_WARN_CONSTANT_CONVERSION = YES;
				CLANG_WARN_DIRECT_OBJC_ISA_USAGE = YES_ERROR;
				CLANG_WARN_EMPTY_BODY = YES;
				CLANG_WARN_ENUM_CONVERSION = YES;
				CLANG_WARN_INT_CONVERSION = YES;
				CLANG_WARN_OBJC_ROOT_CLASS = YES_ERROR;
				CLANG_WARN_UNREACHABLE_CODE = YES;
				CLANG_WARN__DUPLICATE_METHOD_MATCH = YES;
				"CODE_SIGN_IDENTITY[sdk=iphoneos*]" = "iPhone Developer";
				COPY_PHASE_STRIP = NO;
				DEBUG_INFORMATION_FORMAT = "dwarf-with-dsym";
				ENABLE_NS_ASSERTIONS = NO;
				ENABLE_STRICT_OBJC_MSGSEND = YES;
				GCC_C_LANGUAGE_STANDARD = gnu99;
				GCC_NO_COMMON_BLOCKS = YES;
				GCC_WARN_64_TO_32_BIT_CONVERSION = YES;
				GCC_WARN_ABOUT_RETURN_TYPE = YES_ERROR;
				GCC_WARN_UNDECLARED_SELECTOR = YES;
				GCC_WARN_UNINITIALIZED_AUTOS = YES_AGGRESSIVE;
				GCC_WARN_UNUSED_FUNCTION = YES;
				GCC_WARN_UNUSED_VARIABLE = YES;
				IPHONEOS_DEPLOYMENT_TARGET = 9.3;
				MTL_ENABLE_DEBUG_INFO = NO;
				SDKROOT = iphoneos;
				TARGETED_DEVICE_FAMILY = "1,2";
				VALIDATE_PRODUCT = YES;
			};
			name = Release;
		};
		3C5C6F5F1D4E40980034E0EC /* Debug */ = {
			isa = XCBuildConfiguration;
			buildSettings = {
				ASSETCATALOG_COMPILER_APPICON_NAME = AppIcon;
				INFOPLIST_FILE = LocalWeather/Info.plist;
				LD_RUNPATH_SEARCH_PATHS = "$(inherited) @executable_path/Frameworks";
				PRODUCT_BUNDLE_IDENTIFIER = io.fibo.LocalWeather;
				PRODUCT_NAME = "$(TARGET_NAME)";
			};
			name = Debug;
		};
		3C5C6F601D4E40980034E0EC /* Release */ = {
			isa = XCBuildConfiguration;
			buildSettings = {
				ASSETCATALOG_COMPILER_APPICON_NAME = AppIcon;
				INFOPLIST_FILE = LocalWeather/Info.plist;
				LD_RUNPATH_SEARCH_PATHS = "$(inherited) @executable_path/Frameworks";
				PRODUCT_BUNDLE_IDENTIFIER = io.fibo.LocalWeather;
				PRODUCT_NAME = "$(TARGET_NAME)";
			};
			name = Release;
		};
/* End XCBuildConfiguration section */

/* Begin XCConfigurationList section */
		3C5C6F441D4E40980034E0EC /* Build configuration list for PBXProject "LocalWeather" */ = {
			isa = XCConfigurationList;
			buildConfigurations = (
				3C5C6F5C1D4E40980034E0EC /* Debug */,
				3C5C6F5D1D4E40980034E0EC /* Release */,
			);
			defaultConfigurationIsVisible = 0;
			defaultConfigurationName = Release;
		};
		3C5C6F5E1D4E40980034E0EC /* Build configuration list for PBXNativeTarget "LocalWeather" */ = {
			isa = XCConfigurationList;
			buildConfigurations = (
				3C5C6F5F1D4E40980034E0EC /* Debug */,
				3C5C6F601D4E40980034E0EC /* Release */,
			);
			defaultConfigurationIsVisible = 0;
		};
/* End XCConfigurationList section */

/* Begin XCVersionGroup section */
		3C5C6F531D4E40980034E0EC /* LocalWeather.xcdatamodeld */ = {
			isa = XCVersionGroup;
			children = (
				3C5C6F541D4E40980034E0EC /* LocalWeather.xcdatamodel */,
			);
			currentVersion = 3C5C6F541D4E40980034E0EC /* LocalWeather.xcdatamodel */;
			path = LocalWeather.xcdatamodeld;
			sourceTree = "<group>";
			versionGroupType = wrapper.xcdatamodel;
		};
/* End XCVersionGroup section */
	};
	rootObject = 3C5C6F411D4E40980034E0EC /* Project object */;
}
